
Microsoft Visual Studio Solution File, Format Version 12.00
# Visual Studio Version 17
VisualStudioVersion = 17.7.34202.233
MinimumVisualStudioVersion = 10.0.40219.1
Project("{FAE04EC0-301F-11D3-BF4B-00C04F79EFBC}") = "Model", "Model\Model.csproj", "{7D92897E-3169-4ED2-9377-4A251AD70550}"
EndProject
Project("{FAE04EC0-301F-11D3-BF4B-00C04F79EFBC}") = "Controller", "Controller\Controller.csproj", "{FFAA1C95-1263-415A-BA1A-6AAF99624328}"
EndProject
Project("{FAE04EC0-301F-11D3-BF4B-00C04F79EFBC}") = "View", "View\View.csproj", "{4D9FDEA6-5926-49D9-99CC-D11568E8BACA}"
EndProject
Global
	GlobalSection(SolutionConfigurationPlatforms) = preSolution
		Debug|Any CPU = Debug|Any CPU
		Release|Any CPU = Release|Any CPU
	EndGlobalSection
	GlobalSection(ProjectConfigurationPlatforms) = postSolution
		{7D92897E-3169-4ED2-9377-4A251AD70550}.Debug|Any CPU.ActiveCfg = Debug|Any CPU
		{7D92897E-3169-4ED2-9377-4A251AD70550}.Debug|Any CPU.Build.0 = Debug|Any CPU
		{7D92897E-3169-4ED2-9377-4A251AD70550}.Release|Any CPU.ActiveCfg = Release|Any CPU
		{7D92897E-3169-4ED2-9377-4A251AD70550}.Release|Any CPU.Build.0 = Release|Any CPU
		{FFAA1C95-1263-415A-BA1A-6AAF99624328}.Debug|Any CPU.ActiveCfg = Debug|Any CPU
		{FFAA1C95-1263-415A-BA1A-6AAF99624328}.Debug|Any CPU.Build.0 = Debug|Any CPU
		{FFAA1C95-1263-415A-BA1A-6AAF99624328}.Release|Any CPU.ActiveCfg = Release|Any CPU
		{FFAA1C95-1263-415A-BA1A-6AAF99624328}.Release|Any CPU.Build.0 = Release|Any CPU
		{4D9FDEA6-5926-49D9-99CC-D11568E8BACA}.Debug|Any CPU.ActiveCfg = Debug|Any CPU
		{4D9FDEA6-5926-49D9-99CC-D11568E8BACA}.Debug|Any CPU.Build.0 = Debug|Any CPU
		{4D9FDEA6-5926-49D9-99CC-D11568E8BACA}.Release|Any CPU.ActiveCfg = Release|Any CPU
		{4D9FDEA6-5926-49D9-99CC-D11568E8BACA}.Release|Any CPU.Build.0 = Release|Any CPU
	EndGlobalSection
	GlobalSection(SolutionProperties) = preSolution
		HideSolutionNode = FALSE
	EndGlobalSection
	GlobalSection(ExtensibilityGlobals) = postSolution
		SolutionGuid = {5B99A1A2-1F66-436B-91AA-7935EE79DDD6}
	EndGlobalSection
EndGlobal
